{
  "version": 4,
  "terraform_version": "1.4.4",
  "serial": 170,
  "lineage": "5b3cb6bc-9485-78ff-4dca-57479499d278",
  "outputs": {},
  "resources": [
    {
      "mode": "managed",
      "type": "azurerm_availability_set",
      "name": "appset",
      "provider": "provider[\"registry.terraform.io/hashicorp/azurerm\"]",
      "instances": [
        {
          "schema_version": 0,
          "attributes": {
            "id": "/subscriptions/06c057c2-d971-49ba-beae-0e0b0a40cecd/resourceGroups/kpmgrg/providers/Microsoft.Compute/availabilitySets/app-set",
            "location": "westeurope",
            "managed": true,
            "name": "app-set",
            "platform_fault_domain_count": 3,
            "platform_update_domain_count": 3,
            "proximity_placement_group_id": null,
            "resource_group_name": "kpmgrg",
            "tags": null,
            "timeouts": null
          },
          "sensitive_attributes": [],
          "private": "eyJlMmJmYjczMC1lY2FhLTExZTYtOGY4OC0zNDM2M2JjN2M0YzAiOnsiY3JlYXRlIjoxODAwMDAwMDAwMDAwLCJkZWxldGUiOjE4MDAwMDAwMDAwMDAsInJlYWQiOjMwMDAwMDAwMDAwMCwidXBkYXRlIjoxODAwMDAwMDAwMDAwfX0=",
          "dependencies": [
            "azurerm_resource_group.kpmgrg"
          ]
        }
      ]
    },
    {
      "mode": "managed",
      "type": "azurerm_lb",
      "name": "webloadbalancer",
      "provider": "provider[\"registry.terraform.io/hashicorp/azurerm\"]",
      "instances": [
        {
          "schema_version": 0,
          "attributes": {
            "edge_zone": "",
            "frontend_ip_configuration": [
              {
                "gateway_load_balancer_frontend_ip_configuration_id": "",
                "id": "/subscriptions/06c057c2-d971-49ba-beae-0e0b0a40cecd/resourceGroups/kpmgrg/providers/Microsoft.Network/loadBalancers/webloadbalancer/frontendIPConfigurations/frontend-ip",
                "inbound_nat_rules": [],
                "load_balancer_rules": [],
                "name": "frontend-ip",
                "outbound_rules": [],
                "private_ip_address": "",
                "private_ip_address_allocation": "Dynamic",
                "private_ip_address_version": "",
                "public_ip_address_id": "/subscriptions/06c057c2-d971-49ba-beae-0e0b0a40cecd/resourceGroups/kpmgrg/providers/Microsoft.Network/publicIPAddresses/loadip",
                "public_ip_prefix_id": "",
                "subnet_id": "",
                "zones": null
              }
            ],
            "id": "/subscriptions/06c057c2-d971-49ba-beae-0e0b0a40cecd/resourceGroups/kpmgrg/providers/Microsoft.Network/loadBalancers/webloadbalancer",
            "location": "westeurope",
            "name": "webloadbalancer",
            "private_ip_address": "",
            "private_ip_addresses": [],
            "resource_group_name": "kpmgrg",
            "sku": "Standard",
            "sku_tier": "Regional",
            "tags": null,
            "timeouts": null
          },
          "sensitive_attributes": [],
          "private": "eyJlMmJmYjczMC1lY2FhLTExZTYtOGY4OC0zNDM2M2JjN2M0YzAiOnsiY3JlYXRlIjoxODAwMDAwMDAwMDAwLCJkZWxldGUiOjE4MDAwMDAwMDAwMDAsInJlYWQiOjMwMDAwMDAwMDAwMCwidXBkYXRlIjoxODAwMDAwMDAwMDAwfX0=",
          "dependencies": [
            "azurerm_public_ip.loadip"
          ]
        }
      ]
    },
    {
      "mode": "managed",
      "type": "azurerm_lb_backend_address_pool",
      "name": "poolA",
      "provider": "provider[\"registry.terraform.io/hashicorp/azurerm\"]",
      "instances": [
        {
          "schema_version": 0,
          "attributes": {
            "backend_ip_configurations": [],
            "id": "/subscriptions/06c057c2-d971-49ba-beae-0e0b0a40cecd/resourceGroups/kpmgrg/providers/Microsoft.Network/loadBalancers/webloadbalancer/backendAddressPools/PoolA",
            "inbound_nat_rules": [],
            "load_balancing_rules": [],
            "loadbalancer_id": "/subscriptions/06c057c2-d971-49ba-beae-0e0b0a40cecd/resourceGroups/kpmgrg/providers/Microsoft.Network/loadBalancers/webloadbalancer",
            "name": "PoolA",
            "outbound_rules": [],
            "timeouts": null,
            "tunnel_interface": [],
            "virtual_network_id": ""
          },
          "sensitive_attributes": [],
          "private": "eyJlMmJmYjczMC1lY2FhLTExZTYtOGY4OC0zNDM2M2JjN2M0YzAiOnsiY3JlYXRlIjoxODAwMDAwMDAwMDAwLCJkZWxldGUiOjE4MDAwMDAwMDAwMDAsInJlYWQiOjMwMDAwMDAwMDAwMCwidXBkYXRlIjoxODAwMDAwMDAwMDAwfX0=",
          "dependencies": [
            "azurerm_lb.webloadbalancer",
            "azurerm_public_ip.loadip"
          ]
        }
      ]
    },
    {
      "mode": "managed",
      "type": "azurerm_lb_backend_address_pool_address",
      "name": "appvmaddress",
      "provider": "provider[\"registry.terraform.io/hashicorp/azurerm\"]",
      "instances": [
        {
          "index_key": 0,
          "schema_version": 0,
          "attributes": {
            "backend_address_ip_configuration_id": "",
            "backend_address_pool_id": "/subscriptions/06c057c2-d971-49ba-beae-0e0b0a40cecd/resourceGroups/kpmgrg/providers/Microsoft.Network/loadBalancers/webloadbalancer/backendAddressPools/PoolA",
            "id": "/subscriptions/06c057c2-d971-49ba-beae-0e0b0a40cecd/resourceGroups/kpmgrg/providers/Microsoft.Network/loadBalancers/webloadbalancer/backendAddressPools/PoolA/addresses/webvm0",
            "inbound_nat_rule_port_mapping": [],
            "ip_address": "10.0.0.4",
            "name": "webvm0",
            "timeouts": null,
            "virtual_network_id": "/subscriptions/06c057c2-d971-49ba-beae-0e0b0a40cecd/resourceGroups/kpmgrg/providers/Microsoft.Network/virtualNetworks/kpmgnw"
          },
          "sensitive_attributes": [],
          "private": "eyJlMmJmYjczMC1lY2FhLTExZTYtOGY4OC0zNDM2M2JjN2M0YzAiOnsiY3JlYXRlIjoxODAwMDAwMDAwMDAwLCJkZWxldGUiOjE4MDAwMDAwMDAwMDAsInJlYWQiOjMwMDAwMDAwMDAwMCwidXBkYXRlIjoxODAwMDAwMDAwMDAwfX0=",
          "dependencies": [
            "azurerm_lb.webloadbalancer",
            "azurerm_lb_backend_address_pool.poolA",
            "azurerm_network_interface.webinterface",
            "azurerm_public_ip.appip",
            "azurerm_public_ip.loadip",
            "azurerm_resource_group.kpmgrg",
            "azurerm_subnet.subnets",
            "azurerm_virtual_network.webnetwork"
          ]
        }
      ]
    },
    {
      "mode": "managed",
      "type": "azurerm_lb_probe",
      "name": "probeA",
      "provider": "provider[\"registry.terraform.io/hashicorp/azurerm\"]",
      "instances": [
        {
          "schema_version": 0,
          "attributes": {
            "id": "/subscriptions/06c057c2-d971-49ba-beae-0e0b0a40cecd/resourceGroups/kpmgrg/providers/Microsoft.Network/loadBalancers/webloadbalancer/probes/probeA",
            "interval_in_seconds": 15,
            "load_balancer_rules": [],
            "loadbalancer_id": "/subscriptions/06c057c2-d971-49ba-beae-0e0b0a40cecd/resourceGroups/kpmgrg/providers/Microsoft.Network/loadBalancers/webloadbalancer",
            "name": "probeA",
            "number_of_probes": 2,
            "port": 80,
            "probe_threshold": 1,
            "protocol": "Tcp",
            "request_path": "",
            "timeouts": null
          },
          "sensitive_attributes": [],
          "private": "eyJlMmJmYjczMC1lY2FhLTExZTYtOGY4OC0zNDM2M2JjN2M0YzAiOnsiY3JlYXRlIjoxODAwMDAwMDAwMDAwLCJkZWxldGUiOjE4MDAwMDAwMDAwMDAsInJlYWQiOjMwMDAwMDAwMDAwMCwidXBkYXRlIjoxODAwMDAwMDAwMDAwfX0=",
          "dependencies": [
            "azurerm_lb.webloadbalancer",
            "azurerm_public_ip.loadip"
          ]
        }
      ]
    },
    {
      "mode": "managed",
      "type": "azurerm_lb_rule",
      "name": "RuleA",
      "provider": "provider[\"registry.terraform.io/hashicorp/azurerm\"]",
      "instances": [
        {
          "schema_version": 0,
          "attributes": {
            "backend_address_pool_ids": [
              "/subscriptions/06c057c2-d971-49ba-beae-0e0b0a40cecd/resourceGroups/kpmgrg/providers/Microsoft.Network/loadBalancers/webloadbalancer/backendAddressPools/PoolA"
            ],
            "backend_port": 80,
            "disable_outbound_snat": false,
            "enable_floating_ip": false,
            "enable_tcp_reset": false,
            "frontend_ip_configuration_id": "/subscriptions/06c057c2-d971-49ba-beae-0e0b0a40cecd/resourceGroups/kpmgrg/providers/Microsoft.Network/loadBalancers/webloadbalancer/frontendIPConfigurations/frontend-ip",
            "frontend_ip_configuration_name": "frontend-ip",
            "frontend_port": 80,
            "id": "/subscriptions/06c057c2-d971-49ba-beae-0e0b0a40cecd/resourceGroups/kpmgrg/providers/Microsoft.Network/loadBalancers/webloadbalancer/loadBalancingRules/LBRule",
            "idle_timeout_in_minutes": 4,
            "load_distribution": "Default",
            "loadbalancer_id": "/subscriptions/06c057c2-d971-49ba-beae-0e0b0a40cecd/resourceGroups/kpmgrg/providers/Microsoft.Network/loadBalancers/webloadbalancer",
            "name": "LBRule",
            "probe_id": "/subscriptions/06c057c2-d971-49ba-beae-0e0b0a40cecd/resourceGroups/kpmgrg/providers/Microsoft.Network/loadBalancers/webloadbalancer/probes/probeA",
            "protocol": "Tcp",
            "timeouts": null
          },
          "sensitive_attributes": [],
          "private": "eyJlMmJmYjczMC1lY2FhLTExZTYtOGY4OC0zNDM2M2JjN2M0YzAiOnsiY3JlYXRlIjoxODAwMDAwMDAwMDAwLCJkZWxldGUiOjE4MDAwMDAwMDAwMDAsInJlYWQiOjMwMDAwMDAwMDAwMCwidXBkYXRlIjoxODAwMDAwMDAwMDAwfX0=",
          "dependencies": [
            "azurerm_lb.webloadbalancer",
            "azurerm_lb_backend_address_pool.poolA",
            "azurerm_lb_probe.probeA",
            "azurerm_public_ip.loadip"
          ]
        }
      ]
    },
    {
      "mode": "managed",
      "type": "azurerm_network_interface",
      "name": "webinterface",
      "provider": "provider[\"registry.terraform.io/hashicorp/azurerm\"]",
      "instances": [
        {
          "index_key": 0,
          "schema_version": 0,
          "attributes": {
            "applied_dns_servers": [],
            "dns_servers": [],
            "edge_zone": "",
            "enable_accelerated_networking": false,
            "enable_ip_forwarding": false,
            "id": "/subscriptions/06c057c2-d971-49ba-beae-0e0b0a40cecd/resourceGroups/kpmgrg/providers/Microsoft.Network/networkInterfaces/webinterface0",
            "internal_dns_name_label": "",
            "internal_domain_name_suffix": "55hrhtq1x4tuhk2srk4lbccibe.ax.internal.cloudapp.net",
            "ip_configuration": [
              {
                "gateway_load_balancer_frontend_ip_configuration_id": "",
                "name": "internal",
                "primary": true,
                "private_ip_address": "10.0.0.4",
                "private_ip_address_allocation": "Dynamic",
                "private_ip_address_version": "IPv4",
                "public_ip_address_id": "/subscriptions/06c057c2-d971-49ba-beae-0e0b0a40cecd/resourceGroups/kpmgrg/providers/Microsoft.Network/publicIPAddresses/app-ip0",
                "subnet_id": "/subscriptions/06c057c2-d971-49ba-beae-0e0b0a40cecd/resourceGroups/kpmgrg/providers/Microsoft.Network/virtualNetworks/kpmgnw/subnets/Subnet0"
              }
            ],
            "location": "westeurope",
            "mac_address": "",
            "name": "webinterface0",
            "private_ip_address": "10.0.0.4",
            "private_ip_addresses": [
              "10.0.0.4"
            ],
            "resource_group_name": "kpmgrg",
            "tags": null,
            "timeouts": null,
            "virtual_machine_id": ""
          },
          "sensitive_attributes": [],
          "private": "eyJlMmJmYjczMC1lY2FhLTExZTYtOGY4OC0zNDM2M2JjN2M0YzAiOnsiY3JlYXRlIjoxODAwMDAwMDAwMDAwLCJkZWxldGUiOjE4MDAwMDAwMDAwMDAsInJlYWQiOjMwMDAwMDAwMDAwMCwidXBkYXRlIjoxODAwMDAwMDAwMDAwfX0=",
          "dependencies": [
            "azurerm_public_ip.appip",
            "azurerm_resource_group.kpmgrg",
            "azurerm_subnet.subnets",
            "azurerm_virtual_network.webnetwork"
          ]
        }
      ]
    },
    {
      "mode": "managed",
      "type": "azurerm_network_security_group",
      "name": "backnsg",
      "provider": "provider[\"registry.terraform.io/hashicorp/azurerm\"]",
      "instances": [
        {
          "schema_version": 0,
          "attributes": {
            "id": "/subscriptions/06c057c2-d971-49ba-beae-0e0b0a40cecd/resourceGroups/kpmgrg/providers/Microsoft.Network/networkSecurityGroups/backnsg",
            "location": "westeurope",
            "name": "backnsg",
            "resource_group_name": "kpmgrg",
            "security_rule": [
              {
                "access": "Allow",
                "description": "",
                "destination_address_prefix": "*",
                "destination_address_prefixes": [],
                "destination_application_security_group_ids": [],
                "destination_port_range": "3389",
                "destination_port_ranges": [],
                "direction": "Inbound",
                "name": "AllowRDP",
                "priority": 300,
                "protocol": "Tcp",
                "source_address_prefix": "*",
                "source_address_prefixes": [],
                "source_application_security_group_ids": [],
                "source_port_range": "*",
                "source_port_ranges": []
              }
            ],
            "tags": null,
            "timeouts": null
          },
          "sensitive_attributes": [],
          "private": "eyJlMmJmYjczMC1lY2FhLTExZTYtOGY4OC0zNDM2M2JjN2M0YzAiOnsiY3JlYXRlIjoxODAwMDAwMDAwMDAwLCJkZWxldGUiOjE4MDAwMDAwMDAwMDAsInJlYWQiOjMwMDAwMDAwMDAwMCwidXBkYXRlIjoxODAwMDAwMDAwMDAwfX0=",
          "dependencies": [
            "azurerm_resource_group.kpmgrg"
          ]
        }
      ]
    },
    {
      "mode": "managed",
      "type": "azurerm_public_ip",
      "name": "appip",
      "provider": "provider[\"registry.terraform.io/hashicorp/azurerm\"]",
      "instances": [
        {
          "index_key": 0,
          "schema_version": 0,
          "attributes": {
            "allocation_method": "Static",
            "ddos_protection_mode": "VirtualNetworkInherited",
            "ddos_protection_plan_id": null,
            "domain_name_label": null,
            "edge_zone": "",
            "fqdn": null,
            "id": "/subscriptions/06c057c2-d971-49ba-beae-0e0b0a40cecd/resourceGroups/kpmgrg/providers/Microsoft.Network/publicIPAddresses/app-ip0",
            "idle_timeout_in_minutes": 4,
            "ip_address": "20.23.235.189",
            "ip_tags": null,
            "ip_version": "IPv4",
            "location": "westeurope",
            "name": "app-ip0",
            "public_ip_prefix_id": null,
            "resource_group_name": "kpmgrg",
            "reverse_fqdn": null,
            "sku": "Basic",
            "sku_tier": "Regional",
            "tags": null,
            "timeouts": null,
            "zones": null
          },
          "sensitive_attributes": [],
          "private": "eyJlMmJmYjczMC1lY2FhLTExZTYtOGY4OC0zNDM2M2JjN2M0YzAiOnsiY3JlYXRlIjoxODAwMDAwMDAwMDAwLCJkZWxldGUiOjE4MDAwMDAwMDAwMDAsInJlYWQiOjMwMDAwMDAwMDAwMCwidXBkYXRlIjoxODAwMDAwMDAwMDAwfX0=",
          "dependencies": [
            "azurerm_resource_group.kpmgrg"
          ]
        }
      ]
    },
    {
      "mode": "managed",
      "type": "azurerm_public_ip",
      "name": "loadip",
      "provider": "provider[\"registry.terraform.io/hashicorp/azurerm\"]",
      "instances": [
        {
          "schema_version": 0,
          "attributes": {
            "allocation_method": "Static",
            "ddos_protection_mode": "VirtualNetworkInherited",
            "ddos_protection_plan_id": null,
            "domain_name_label": null,
            "edge_zone": "",
            "fqdn": null,
            "id": "/subscriptions/06c057c2-d971-49ba-beae-0e0b0a40cecd/resourceGroups/kpmgrg/providers/Microsoft.Network/publicIPAddresses/loadip",
            "idle_timeout_in_minutes": 4,
            "ip_address": "20.123.171.49",
            "ip_tags": null,
            "ip_version": "IPv4",
            "location": "westeurope",
            "name": "loadip",
            "public_ip_prefix_id": null,
            "resource_group_name": "kpmgrg",
            "reverse_fqdn": null,
            "sku": "Standard",
            "sku_tier": "Regional",
            "tags": null,
            "timeouts": null,
            "zones": null
          },
          "sensitive_attributes": [],
          "private": "eyJlMmJmYjczMC1lY2FhLTExZTYtOGY4OC0zNDM2M2JjN2M0YzAiOnsiY3JlYXRlIjoxODAwMDAwMDAwMDAwLCJkZWxldGUiOjE4MDAwMDAwMDAwMDAsInJlYWQiOjMwMDAwMDAwMDAwMCwidXBkYXRlIjoxODAwMDAwMDAwMDAwfX0="
        }
      ]
    },
    {
      "mode": "managed",
      "type": "azurerm_resource_group",
      "name": "kpmgrg",
      "provider": "provider[\"registry.terraform.io/hashicorp/azurerm\"]",
      "instances": [
        {
          "schema_version": 0,
          "attributes": {
            "id": "/subscriptions/06c057c2-d971-49ba-beae-0e0b0a40cecd/resourceGroups/kpmgrg",
            "location": "westeurope",
            "name": "kpmgrg",
            "tags": {},
            "timeouts": null
          },
          "sensitive_attributes": [],
          "private": "eyJlMmJmYjczMC1lY2FhLTExZTYtOGY4OC0zNDM2M2JjN2M0YzAiOnsiY3JlYXRlIjo1NDAwMDAwMDAwMDAwLCJkZWxldGUiOjU0MDAwMDAwMDAwMDAsInJlYWQiOjMwMDAwMDAwMDAwMCwidXBkYXRlIjo1NDAwMDAwMDAwMDAwfX0="
        }
      ]
    },
    {
      "mode": "managed",
      "type": "azurerm_subnet",
      "name": "subnets",
      "provider": "provider[\"registry.terraform.io/hashicorp/azurerm\"]",
      "instances": [
        {
          "index_key": 0,
          "schema_version": 0,
          "attributes": {
            "address_prefixes": [
              "10.0.0.0/24"
            ],
            "delegation": [],
            "enforce_private_link_endpoint_network_policies": false,
            "enforce_private_link_service_network_policies": false,
            "id": "/subscriptions/06c057c2-d971-49ba-beae-0e0b0a40cecd/resourceGroups/kpmgrg/providers/Microsoft.Network/virtualNetworks/kpmgnw/subnets/Subnet0",
            "name": "Subnet0",
            "private_endpoint_network_policies_enabled": true,
            "private_link_service_network_policies_enabled": true,
            "resource_group_name": "kpmgrg",
            "service_endpoint_policy_ids": null,
            "service_endpoints": null,
            "timeouts": null,
            "virtual_network_name": "kpmgnw"
          },
          "sensitive_attributes": [],
          "private": "eyJlMmJmYjczMC1lY2FhLTExZTYtOGY4OC0zNDM2M2JjN2M0YzAiOnsiY3JlYXRlIjoxODAwMDAwMDAwMDAwLCJkZWxldGUiOjE4MDAwMDAwMDAwMDAsInJlYWQiOjMwMDAwMDAwMDAwMCwidXBkYXRlIjoxODAwMDAwMDAwMDAwfX0=",
          "dependencies": [
            "azurerm_resource_group.kpmgrg",
            "azurerm_virtual_network.webnetwork"
          ]
        }
      ]
    },
    {
      "mode": "managed",
      "type": "azurerm_subnet_network_security_group_association",
      "name": "appnsglink",
      "provider": "provider[\"registry.terraform.io/hashicorp/azurerm\"]",
      "instances": [
        {
          "index_key": 0,
          "schema_version": 0,
          "attributes": {
            "id": "/subscriptions/06c057c2-d971-49ba-beae-0e0b0a40cecd/resourceGroups/kpmgrg/providers/Microsoft.Network/virtualNetworks/kpmgnw/subnets/Subnet0",
            "network_security_group_id": "/subscriptions/06c057c2-d971-49ba-beae-0e0b0a40cecd/resourceGroups/kpmgrg/providers/Microsoft.Network/networkSecurityGroups/backnsg",
            "subnet_id": "/subscriptions/06c057c2-d971-49ba-beae-0e0b0a40cecd/resourceGroups/kpmgrg/providers/Microsoft.Network/virtualNetworks/kpmgnw/subnets/Subnet0",
            "timeouts": null
          },
          "sensitive_attributes": [],
          "private": "eyJlMmJmYjczMC1lY2FhLTExZTYtOGY4OC0zNDM2M2JjN2M0YzAiOnsiY3JlYXRlIjoxODAwMDAwMDAwMDAwLCJkZWxldGUiOjE4MDAwMDAwMDAwMDAsInJlYWQiOjMwMDAwMDAwMDAwMCwidXBkYXRlIjoxODAwMDAwMDAwMDAwfX0=",
          "dependencies": [
            "azurerm_network_security_group.backnsg",
            "azurerm_resource_group.kpmgrg",
            "azurerm_subnet.subnets",
            "azurerm_virtual_network.webnetwork"
          ]
        }
      ]
    },
    {
      "mode": "managed",
      "type": "azurerm_virtual_network",
      "name": "webnetwork",
      "provider": "provider[\"registry.terraform.io/hashicorp/azurerm\"]",
      "instances": [
        {
          "schema_version": 0,
          "attributes": {
            "address_space": [
              "10.0.0.0/16"
            ],
            "bgp_community": "",
            "ddos_protection_plan": [],
            "dns_servers": [],
            "edge_zone": "",
            "flow_timeout_in_minutes": 0,
            "guid": "ce13cfff-bf1b-43a7-ab92-8abcb088480c",
            "id": "/subscriptions/06c057c2-d971-49ba-beae-0e0b0a40cecd/resourceGroups/kpmgrg/providers/Microsoft.Network/virtualNetworks/kpmgnw",
            "location": "westeurope",
            "name": "kpmgnw",
            "resource_group_name": "kpmgrg",
            "subnet": [],
            "tags": null,
            "timeouts": null
          },
          "sensitive_attributes": [],
          "private": "eyJlMmJmYjczMC1lY2FhLTExZTYtOGY4OC0zNDM2M2JjN2M0YzAiOnsiY3JlYXRlIjoxODAwMDAwMDAwMDAwLCJkZWxldGUiOjE4MDAwMDAwMDAwMDAsInJlYWQiOjMwMDAwMDAwMDAwMCwidXBkYXRlIjoxODAwMDAwMDAwMDAwfX0=",
          "dependencies": [
            "azurerm_resource_group.kpmgrg"
          ]
        }
      ]
    },
    {
      "mode": "managed",
      "type": "azurerm_windows_virtual_machine",
      "name": "webvm",
      "provider": "provider[\"registry.terraform.io/hashicorp/azurerm\"]",
      "instances": [
        {
          "index_key": 0,
          "schema_version": 0,
          "attributes": {
            "additional_capabilities": [],
            "additional_unattend_content": [],
            "admin_password": "Azure@123",
            "admin_username": "adminuser",
            "allow_extension_operations": true,
            "availability_set_id": "",
            "boot_diagnostics": [],
            "capacity_reservation_group_id": "",
            "computer_name": "webvm0",
            "custom_data": null,
            "dedicated_host_group_id": "",
            "dedicated_host_id": "",
            "edge_zone": "",
            "enable_automatic_updates": true,
            "encryption_at_host_enabled": false,
            "eviction_policy": "",
            "extensions_time_budget": "PT1H30M",
            "gallery_application": [],
            "hotpatching_enabled": false,
            "id": "/subscriptions/06c057c2-d971-49ba-beae-0e0b0a40cecd/resourceGroups/kpmgrg/providers/Microsoft.Compute/virtualMachines/webvm0",
            "identity": [],
            "license_type": "",
            "location": "westeurope",
            "max_bid_price": -1,
            "name": "webvm0",
            "network_interface_ids": [
              "/subscriptions/06c057c2-d971-49ba-beae-0e0b0a40cecd/resourceGroups/kpmgrg/providers/Microsoft.Network/networkInterfaces/webinterface0"
            ],
            "os_disk": [
              {
                "caching": "ReadWrite",
                "diff_disk_settings": [],
                "disk_encryption_set_id": "",
                "disk_size_gb": 127,
                "name": "webvm0_disk1_220601f297eb46ccbf13dd1131857fde",
                "secure_vm_disk_encryption_set_id": "",
                "security_encryption_type": "",
                "storage_account_type": "Standard_LRS",
                "write_accelerator_enabled": false
              }
            ],
            "patch_assessment_mode": "ImageDefault",
            "patch_mode": "AutomaticByOS",
            "plan": [],
            "platform_fault_domain": -1,
            "priority": "Regular",
            "private_ip_address": "10.0.0.4",
            "private_ip_addresses": [
              "10.0.0.4"
            ],
            "provision_vm_agent": true,
            "proximity_placement_group_id": "",
            "public_ip_address": "20.23.235.189",
            "public_ip_addresses": [
              "20.23.235.189"
            ],
            "resource_group_name": "kpmgrg",
            "secret": [],
            "secure_boot_enabled": false,
            "size": "Standard_D2s_v3",
            "source_image_id": "",
            "source_image_reference": [
              {
                "offer": "WindowsServer",
                "publisher": "MicrosoftWindowsServer",
                "sku": "2019-Datacenter",
                "version": "latest"
              }
            ],
            "tags": null,
            "termination_notification": null,
            "timeouts": null,
            "timezone": "",
            "user_data": "",
            "virtual_machine_id": "16e13a07-9bd6-426b-9576-bc76c859a2ac",
            "virtual_machine_scale_set_id": "",
            "vtpm_enabled": false,
            "winrm_listener": [],
            "zone": ""
          },
          "sensitive_attributes": [],
          "private": "eyJlMmJmYjczMC1lY2FhLTExZTYtOGY4OC0zNDM2M2JjN2M0YzAiOnsiY3JlYXRlIjoyNzAwMDAwMDAwMDAwLCJkZWxldGUiOjI3MDAwMDAwMDAwMDAsInJlYWQiOjMwMDAwMDAwMDAwMCwidXBkYXRlIjoyNzAwMDAwMDAwMDAwfX0=",
          "dependencies": [
            "azurerm_network_interface.webinterface",
            "azurerm_public_ip.appip",
            "azurerm_resource_group.kpmgrg",
            "azurerm_subnet.subnets",
            "azurerm_virtual_network.webnetwork"
          ]
        }
      ]
    }
  ],
  "check_results": null
}
